
Microsoft Visual Studio Solution File, Format Version 12.00
# Visual Studio Version 17
VisualStudioVersion = 17.6.33815.320
MinimumVisualStudioVersion = 10.0.40219.1
Project("{2150E333-8FDC-42A3-9474-1A3956D46DE8}") = "Services", "Services", "{ED68105F-318D-46E8-8262-FA5311FCA158}"
EndProject
Project("{2150E333-8FDC-42A3-9474-1A3956D46DE8}") = "Catalog", "Catalog", "{E0080594-44C9-4D0C-AECF-F787AB0A2372}"
EndProject
Project("{FAE04EC0-301F-11D3-BF4B-00C04F79EFBC}") = "MultiShop.Catalog", "Services\Catalog\MultiShop.Catalog\MultiShop.Catalog.csproj", "{664AFC2D-DCE5-4ABC-9868-9CE7A18143C7}"
EndProject
Global
	GlobalSection(SolutionConfigurationPlatforms) = preSolution
		Debug|Any CPU = Debug|Any CPU
		Release|Any CPU = Release|Any CPU
	EndGlobalSection
	GlobalSection(ProjectConfigurationPlatforms) = postSolution
		{664AFC2D-DCE5-4ABC-9868-9CE7A18143C7}.Debug|Any CPU.ActiveCfg = Debug|Any CPU
		{664AFC2D-DCE5-4ABC-9868-9CE7A18143C7}.Debug|Any CPU.Build.0 = Debug|Any CPU
		{664AFC2D-DCE5-4ABC-9868-9CE7A18143C7}.Release|Any CPU.ActiveCfg = Release|Any CPU
		{664AFC2D-DCE5-4ABC-9868-9CE7A18143C7}.Release|Any CPU.Build.0 = Release|Any CPU
	EndGlobalSection
	GlobalSection(SolutionProperties) = preSolution
		HideSolutionNode = FALSE
	EndGlobalSection
	GlobalSection(NestedProjects) = preSolution
		{E0080594-44C9-4D0C-AECF-F787AB0A2372} = {ED68105F-318D-46E8-8262-FA5311FCA158}
		{664AFC2D-DCE5-4ABC-9868-9CE7A18143C7} = {E0080594-44C9-4D0C-AECF-F787AB0A2372}
	EndGlobalSection
	GlobalSection(ExtensibilityGlobals) = postSolution
		SolutionGuid = {CA7F23F7-6B85-44DC-922E-FC7DE95E880B}
	EndGlobalSection
EndGlobal
